
Microsoft Visual Studio Solution File, Format Version 12.00
# Visual Studio Version 17
VisualStudioVersion = 17.0.31903.59
MinimumVisualStudioVersion = 10.0.40219.1
Project("{2150E333-8FDC-42A3-9474-1A3956D46DE8}") = "src", "src", "{827E0CD3-B72D-47B6-A68D-7590B98EB39B}"
EndProject
Project("{FAE04EC0-301F-11D3-BF4B-00C04F79EFBC}") = "OpsIntelligence.Api", "src\OpsIntelligence.Api\OpsIntelligence.Api.csproj", "{9417E851-7C34-4275-BAD9-11BA589FF2A2}"
EndProject
Project("{2150E333-8FDC-42A3-9474-1A3956D46DE8}") = "tests", "tests", "{0AB3BF05-4346-4AA6-1389-037BE0695223}"
EndProject
Project("{FAE04EC0-301F-11D3-BF4B-00C04F79EFBC}") = "OpsIntelligence.Tests", "tests\OpsIntelligence.Tests\OpsIntelligence.Tests.csproj", "{CA9C5403-18CD-40CF-A7BF-F88AC8C3009F}"
EndProject
Project("{2150E333-8FDC-42A3-9474-1A3956D46DE8}") = "benchmarks", "benchmarks", "{66320409-64EC-F7C5-3DEF-65E7510DAAD1}"
EndProject
Project("{FAE04EC0-301F-11D3-BF4B-00C04F79EFBC}") = "OpsIntelligence.Benchmark", "benchmarks\OpsIntelligence.Benchmark\OpsIntelligence.Benchmark.csproj", "{5197C4CB-FBE7-4424-9E21-FCE36D1633F5}"
EndProject
Global
	GlobalSection(SolutionConfigurationPlatforms) = preSolution
		Debug|Any CPU = Debug|Any CPU
		Debug|x64 = Debug|x64
		Debug|x86 = Debug|x86
		Release|Any CPU = Release|Any CPU
		Release|x64 = Release|x64
		Release|x86 = Release|x86
	EndGlobalSection
	GlobalSection(ProjectConfigurationPlatforms) = postSolution
		{9417E851-7C34-4275-BAD9-11BA589FF2A2}.Debug|Any CPU.ActiveCfg = Debug|Any CPU
		{9417E851-7C34-4275-BAD9-11BA589FF2A2}.Debug|Any CPU.Build.0 = Debug|Any CPU
		{9417E851-7C34-4275-BAD9-11BA589FF2A2}.Debug|x64.ActiveCfg = Debug|Any CPU
		{9417E851-7C34-4275-BAD9-11BA589FF2A2}.Debug|x64.Build.0 = Debug|Any CPU
		{9417E851-7C34-4275-BAD9-11BA589FF2A2}.Debug|x86.ActiveCfg = Debug|Any CPU
		{9417E851-7C34-4275-BAD9-11BA589FF2A2}.Debug|x86.Build.0 = Debug|Any CPU
		{9417E851-7C34-4275-BAD9-11BA589FF2A2}.Release|Any CPU.ActiveCfg = Release|Any CPU
		{9417E851-7C34-4275-BAD9-11BA589FF2A2}.Release|Any CPU.Build.0 = Release|Any CPU
		{9417E851-7C34-4275-BAD9-11BA589FF2A2}.Release|x64.ActiveCfg = Release|Any CPU
		{9417E851-7C34-4275-BAD9-11BA589FF2A2}.Release|x64.Build.0 = Release|Any CPU
		{9417E851-7C34-4275-BAD9-11BA589FF2A2}.Release|x86.ActiveCfg = Release|Any CPU
		{9417E851-7C34-4275-BAD9-11BA589FF2A2}.Release|x86.Build.0 = Release|Any CPU
		{CA9C5403-18CD-40CF-A7BF-F88AC8C3009F}.Debug|Any CPU.ActiveCfg = Debug|Any CPU
		{CA9C5403-18CD-40CF-A7BF-F88AC8C3009F}.Debug|Any CPU.Build.0 = Debug|Any CPU
		{CA9C5403-18CD-40CF-A7BF-F88AC8C3009F}.Debug|x64.ActiveCfg = Debug|Any CPU
		{CA9C5403-18CD-40CF-A7BF-F88AC8C3009F}.Debug|x64.Build.0 = Debug|Any CPU
		{CA9C5403-18CD-40CF-A7BF-F88AC8C3009F}.Debug|x86.ActiveCfg = Debug|Any CPU
		{CA9C5403-18CD-40CF-A7BF-F88AC8C3009F}.Debug|x86.Build.0 = Debug|Any CPU
		{CA9C5403-18CD-40CF-A7BF-F88AC8C3009F}.Release|Any CPU.ActiveCfg = Release|Any CPU
		{CA9C5403-18CD-40CF-A7BF-F88AC8C3009F}.Release|Any CPU.Build.0 = Release|Any CPU
		{CA9C5403-18CD-40CF-A7BF-F88AC8C3009F}.Release|x64.ActiveCfg = Release|Any CPU
		{CA9C5403-18CD-40CF-A7BF-F88AC8C3009F}.Release|x64.Build.0 = Release|Any CPU
		{CA9C5403-18CD-40CF-A7BF-F88AC8C3009F}.Release|x86.ActiveCfg = Release|Any CPU
		{CA9C5403-18CD-40CF-A7BF-F88AC8C3009F}.Release|x86.Build.0 = Release|Any CPU
		{5197C4CB-FBE7-4424-9E21-FCE36D1633F5}.Debug|Any CPU.ActiveCfg = Debug|Any CPU
		{5197C4CB-FBE7-4424-9E21-FCE36D1633F5}.Debug|Any CPU.Build.0 = Debug|Any CPU
		{5197C4CB-FBE7-4424-9E21-FCE36D1633F5}.Debug|x64.ActiveCfg = Debug|Any CPU
		{5197C4CB-FBE7-4424-9E21-FCE36D1633F5}.Debug|x64.Build.0 = Debug|Any CPU
		{5197C4CB-FBE7-4424-9E21-FCE36D1633F5}.Debug|x86.ActiveCfg = Debug|Any CPU
		{5197C4CB-FBE7-4424-9E21-FCE36D1633F5}.Debug|x86.Build.0 = Debug|Any CPU
		{5197C4CB-FBE7-4424-9E21-FCE36D1633F5}.Release|Any CPU.ActiveCfg = Release|Any CPU
		{5197C4CB-FBE7-4424-9E21-FCE36D1633F5}.Release|Any CPU.Build.0 = Release|Any CPU
		{5197C4CB-FBE7-4424-9E21-FCE36D1633F5}.Release|x64.ActiveCfg = Release|Any CPU
		{5197C4CB-FBE7-4424-9E21-FCE36D1633F5}.Release|x64.Build.0 = Release|Any CPU
		{5197C4CB-FBE7-4424-9E21-FCE36D1633F5}.Release|x86.ActiveCfg = Release|Any CPU
		{5197C4CB-FBE7-4424-9E21-FCE36D1633F5}.Release|x86.Build.0 = Release|Any CPU
	EndGlobalSection
	GlobalSection(SolutionProperties) = preSolution
		HideSolutionNode = FALSE
	EndGlobalSection
	GlobalSection(NestedProjects) = preSolution
		{9417E851-7C34-4275-BAD9-11BA589FF2A2} = {827E0CD3-B72D-47B6-A68D-7590B98EB39B}
		{CA9C5403-18CD-40CF-A7BF-F88AC8C3009F} = {0AB3BF05-4346-4AA6-1389-037BE0695223}
		{5197C4CB-FBE7-4424-9E21-FCE36D1633F5} = {66320409-64EC-F7C5-3DEF-65E7510DAAD1}
	EndGlobalSection
EndGlobal
